
Microsoft Visual Studio Solution File, Format Version 12.00
# Visual Studio Version 16
VisualStudioVersion = 16.0.29326.143
MinimumVisualStudioVersion = 10.0.40219.1
Project("{FAE04EC0-301F-11D3-BF4B-00C04F79EFBC}") = "Gateway", "Gateway\Gateway.csproj", "{D026B0F9-40E6-4BAA-A26B-01F9BAF6FE99}"
EndProject
Project("{FAE04EC0-301F-11D3-BF4B-00C04F79EFBC}") = "Common", "Common\Common.csproj", "{8DF8F374-25A5-4721-A8C8-C5083C5B31B4}"
EndProject
Project("{FAE04EC0-301F-11D3-BF4B-00C04F79EFBC}") = "BankConnector", "BankConnector\BankConnector.csproj", "{6AF7158F-5432-4AEC-B803-90A590BB5A4A}"
EndProject
Global
	GlobalSection(SolutionConfigurationPlatforms) = preSolution
		Debug|Any CPU = Debug|Any CPU
		Release|Any CPU = Release|Any CPU
	EndGlobalSection
	GlobalSection(ProjectConfigurationPlatforms) = postSolution
		{D026B0F9-40E6-4BAA-A26B-01F9BAF6FE99}.Debug|Any CPU.ActiveCfg = Debug|Any CPU
		{D026B0F9-40E6-4BAA-A26B-01F9BAF6FE99}.Debug|Any CPU.Build.0 = Debug|Any CPU
		{D026B0F9-40E6-4BAA-A26B-01F9BAF6FE99}.Release|Any CPU.ActiveCfg = Release|Any CPU
		{D026B0F9-40E6-4BAA-A26B-01F9BAF6FE99}.Release|Any CPU.Build.0 = Release|Any CPU
		{8DF8F374-25A5-4721-A8C8-C5083C5B31B4}.Debug|Any CPU.ActiveCfg = Debug|Any CPU
		{8DF8F374-25A5-4721-A8C8-C5083C5B31B4}.Debug|Any CPU.Build.0 = Debug|Any CPU
		{8DF8F374-25A5-4721-A8C8-C5083C5B31B4}.Release|Any CPU.ActiveCfg = Release|Any CPU
		{8DF8F374-25A5-4721-A8C8-C5083C5B31B4}.Release|Any CPU.Build.0 = Release|Any CPU
		{6AF7158F-5432-4AEC-B803-90A590BB5A4A}.Debug|Any CPU.ActiveCfg = Debug|Any CPU
		{6AF7158F-5432-4AEC-B803-90A590BB5A4A}.Debug|Any CPU.Build.0 = Debug|Any CPU
		{6AF7158F-5432-4AEC-B803-90A590BB5A4A}.Release|Any CPU.ActiveCfg = Release|Any CPU
		{6AF7158F-5432-4AEC-B803-90A590BB5A4A}.Release|Any CPU.Build.0 = Release|Any CPU
	EndGlobalSection
	GlobalSection(SolutionProperties) = preSolution
		HideSolutionNode = FALSE
	EndGlobalSection
	GlobalSection(ExtensibilityGlobals) = postSolution
		SolutionGuid = {290C83FA-302F-46CB-8F24-C28A3DD8CA26}
	EndGlobalSection
EndGlobal
